
Microsoft Visual Studio Solution File, Format Version 12.00
# Visual Studio Version 17
VisualStudioVersion = 17.14.36603.0
MinimumVisualStudioVersion = 10.0.40219.1
Project("{FAE04EC0-301F-11D3-BF4B-00C04F79EFBC}") = "AchievementTracker.Data", "AchievementTracker.Data\AchievementTracker.Data.csproj", "{A39E2691-6FDB-4A47-8B78-9D8019874350}"
EndProject
Project("{FAE04EC0-301F-11D3-BF4B-00C04F79EFBC}") = "AchievementTracker.Api", "AchievementTracker.Api\AchievementTracker.Api.csproj", "{FFC79E43-0A3D-424E-5806-5C8AAA9BBF16}"
EndProject
Project("{FAE04EC0-301F-11D3-BF4B-00C04F79EFBC}") = "AchievementTracker.Tests", "AchievementTracker.Tests\AchievementTracker.Tests.csproj", "{D7E12959-1140-4880-998E-CB75F98AD051}"
EndProject
Global
	GlobalSection(SolutionConfigurationPlatforms) = preSolution
		Debug|Any CPU = Debug|Any CPU
		Debug|x64 = Debug|x64
		Debug|x86 = Debug|x86
		Release|Any CPU = Release|Any CPU
		Release|x64 = Release|x64
		Release|x86 = Release|x86
	EndGlobalSection
	GlobalSection(ProjectConfigurationPlatforms) = postSolution
		{A39E2691-6FDB-4A47-8B78-9D8019874350}.Debug|Any CPU.ActiveCfg = Debug|Any CPU
		{A39E2691-6FDB-4A47-8B78-9D8019874350}.Debug|Any CPU.Build.0 = Debug|Any CPU
		{A39E2691-6FDB-4A47-8B78-9D8019874350}.Debug|x64.ActiveCfg = Debug|Any CPU
		{A39E2691-6FDB-4A47-8B78-9D8019874350}.Debug|x64.Build.0 = Debug|Any CPU
		{A39E2691-6FDB-4A47-8B78-9D8019874350}.Debug|x86.ActiveCfg = Debug|Any CPU
		{A39E2691-6FDB-4A47-8B78-9D8019874350}.Debug|x86.Build.0 = Debug|Any CPU
		{A39E2691-6FDB-4A47-8B78-9D8019874350}.Release|Any CPU.ActiveCfg = Release|Any CPU
		{A39E2691-6FDB-4A47-8B78-9D8019874350}.Release|Any CPU.Build.0 = Release|Any CPU
		{A39E2691-6FDB-4A47-8B78-9D8019874350}.Release|x64.ActiveCfg = Release|Any CPU
		{A39E2691-6FDB-4A47-8B78-9D8019874350}.Release|x64.Build.0 = Release|Any CPU
		{A39E2691-6FDB-4A47-8B78-9D8019874350}.Release|x86.ActiveCfg = Release|Any CPU
		{A39E2691-6FDB-4A47-8B78-9D8019874350}.Release|x86.Build.0 = Release|Any CPU
		{FFC79E43-0A3D-424E-5806-5C8AAA9BBF16}.Debug|Any CPU.ActiveCfg = Debug|Any CPU
		{FFC79E43-0A3D-424E-5806-5C8AAA9BBF16}.Debug|Any CPU.Build.0 = Debug|Any CPU
		{FFC79E43-0A3D-424E-5806-5C8AAA9BBF16}.Debug|x64.ActiveCfg = Debug|Any CPU
		{FFC79E43-0A3D-424E-5806-5C8AAA9BBF16}.Debug|x64.Build.0 = Debug|Any CPU
		{FFC79E43-0A3D-424E-5806-5C8AAA9BBF16}.Debug|x86.ActiveCfg = Debug|Any CPU
		{FFC79E43-0A3D-424E-5806-5C8AAA9BBF16}.Debug|x86.Build.0 = Debug|Any CPU
		{FFC79E43-0A3D-424E-5806-5C8AAA9BBF16}.Release|Any CPU.ActiveCfg = Release|Any CPU
		{FFC79E43-0A3D-424E-5806-5C8AAA9BBF16}.Release|Any CPU.Build.0 = Release|Any CPU
		{FFC79E43-0A3D-424E-5806-5C8AAA9BBF16}.Release|x64.ActiveCfg = Release|Any CPU
		{FFC79E43-0A3D-424E-5806-5C8AAA9BBF16}.Release|x64.Build.0 = Release|Any CPU
		{FFC79E43-0A3D-424E-5806-5C8AAA9BBF16}.Release|x86.ActiveCfg = Release|Any CPU
		{FFC79E43-0A3D-424E-5806-5C8AAA9BBF16}.Release|x86.Build.0 = Release|Any CPU
		{D7E12959-1140-4880-998E-CB75F98AD051}.Debug|Any CPU.ActiveCfg = Debug|Any CPU
		{D7E12959-1140-4880-998E-CB75F98AD051}.Debug|Any CPU.Build.0 = Debug|Any CPU
		{D7E12959-1140-4880-998E-CB75F98AD051}.Debug|x64.ActiveCfg = Debug|Any CPU
		{D7E12959-1140-4880-998E-CB75F98AD051}.Debug|x64.Build.0 = Debug|Any CPU
		{D7E12959-1140-4880-998E-CB75F98AD051}.Debug|x86.ActiveCfg = Debug|Any CPU
		{D7E12959-1140-4880-998E-CB75F98AD051}.Debug|x86.Build.0 = Debug|Any CPU
		{D7E12959-1140-4880-998E-CB75F98AD051}.Release|Any CPU.ActiveCfg = Release|Any CPU
		{D7E12959-1140-4880-998E-CB75F98AD051}.Release|Any CPU.Build.0 = Release|Any CPU
		{D7E12959-1140-4880-998E-CB75F98AD051}.Release|x64.ActiveCfg = Release|Any CPU
		{D7E12959-1140-4880-998E-CB75F98AD051}.Release|x64.Build.0 = Release|Any CPU
		{D7E12959-1140-4880-998E-CB75F98AD051}.Release|x86.ActiveCfg = Release|Any CPU
		{D7E12959-1140-4880-998E-CB75F98AD051}.Release|x86.Build.0 = Release|Any CPU
	EndGlobalSection
	GlobalSection(SolutionProperties) = preSolution
		HideSolutionNode = FALSE
	EndGlobalSection
	GlobalSection(ExtensibilityGlobals) = postSolution
		SolutionGuid = {79C10AFF-4456-44A1-8D3C-38BBB5FBFB72}
	EndGlobalSection
EndGlobal
